
Microsoft Visual Studio Solution File, Format Version 12.00
# Visual Studio Version 17
VisualStudioVersion = 17.7.34031.279
MinimumVisualStudioVersion = 10.0.40219.1
Project("{FAE04EC0-301F-11D3-BF4B-00C04F79EFBC}") = "SportsStore", "SportsStore.csproj", "{0A824820-957A-4B4A-948D-3494C28F2E74}"
EndProject
Project("{9A19103F-16F7-4668-BE54-9A1E7A4F7556}") = "SportsStore.Tests", "..\SportsStore.Tests\SportsStore.Tests.csproj", "{EF3431FA-94A0-413E-9F9D-7F6F71F6D0B6}"
EndProject
Global
	GlobalSection(SolutionConfigurationPlatforms) = preSolution
		Debug|Any CPU = Debug|Any CPU
		Release|Any CPU = Release|Any CPU
	EndGlobalSection
	GlobalSection(ProjectConfigurationPlatforms) = postSolution
		{0A824820-957A-4B4A-948D-3494C28F2E74}.Debug|Any CPU.ActiveCfg = Debug|Any CPU
		{0A824820-957A-4B4A-948D-3494C28F2E74}.Debug|Any CPU.Build.0 = Debug|Any CPU
		{0A824820-957A-4B4A-948D-3494C28F2E74}.Release|Any CPU.ActiveCfg = Release|Any CPU
		{0A824820-957A-4B4A-948D-3494C28F2E74}.Release|Any CPU.Build.0 = Release|Any CPU
		{EF3431FA-94A0-413E-9F9D-7F6F71F6D0B6}.Debug|Any CPU.ActiveCfg = Debug|Any CPU
		{EF3431FA-94A0-413E-9F9D-7F6F71F6D0B6}.Debug|Any CPU.Build.0 = Debug|Any CPU
		{EF3431FA-94A0-413E-9F9D-7F6F71F6D0B6}.Release|Any CPU.ActiveCfg = Release|Any CPU
		{EF3431FA-94A0-413E-9F9D-7F6F71F6D0B6}.Release|Any CPU.Build.0 = Release|Any CPU
	EndGlobalSection
	GlobalSection(SolutionProperties) = preSolution
		HideSolutionNode = FALSE
	EndGlobalSection
	GlobalSection(ExtensibilityGlobals) = postSolution
		SolutionGuid = {59A4A92C-6A16-4C9E-8161-A9F5FBD53CD6}
	EndGlobalSection
EndGlobal
